# This file is automatically @generated by Cargo.
# It is not intended for manual editing.
[[package]]
name = "cargo-rpm"
version = "0.8.0"
source = "registry+https://github.com/rust-lang/crates.io-index"
checksum = "c7d19dbd269b6321fd0b522160c9c7b26a0ed37754b6e177c230ef1725ce4abc"
dependencies = [
 "abscissa_core",
 "cargo_metadata",
 "flate2",
 "gumdrop",
 "handlebars",
 "serde",
 "tar",
 "thiserror",
]

[[package]]
name = "fido2luks"
version = "0.2.15"
dependencies = [
 "cargo-rpm",
 "ctap_hmac",
 "failure",
 "hex",
 "libcryptsetup-rs",
 "ring",
 "rpassword",
 "serde",
 "serde_derive",
 "serde_json",
 "structopt",
]

[[package]]
name = "libcryptsetup-rs"
version = "0.4.2"
source = "registry+https://github.com/rust-lang/crates.io-index"
checksum = "b9042dbf4b7e4309494949696496e230c9052af64559d3441627d639898c172c"
dependencies = [
 "either",
 "libc",
 "libcryptsetup-rs-sys",
 "pkg-config",
 "semver",
 "serde_json",
 "uuid",
]

[[package]]
name = "libcryptsetup-rs-sys"
version = "0.1.4"
source = "registry+https://github.com/rust-lang/crates.io-index"
checksum = "4b75a2b946509fb39fdb4b232c973166da14be373d09a43eb36b82f775d8244e"
dependencies = [
 "bindgen",
 "cc",
 "pkg-config",
 "semver",
]
